
Microsoft Visual Studio Solution File, Format Version 12.00
# Visual Studio Version 16
VisualStudioVersion = 16.0.36422.26
MinimumVisualStudioVersion = 10.0.40219.1
Project("{FAE04EC0-301F-11D3-BF4B-00C04F79EFBC}") = "Laptop", "Laptop\Laptop.csproj", "{A86BF8DF-B567-45E5-8B3E-8A7B2155E06B}"
EndProject
Global
	GlobalSection(SolutionConfigurationPlatforms) = preSolution
		Debug|Any CPU = Debug|Any CPU
		Release|Any CPU = Release|Any CPU
	EndGlobalSection
	GlobalSection(ProjectConfigurationPlatforms) = postSolution
		{A86BF8DF-B567-45E5-8B3E-8A7B2155E06B}.Debug|Any CPU.ActiveCfg = Debug|Any CPU
		{A86BF8DF-B567-45E5-8B3E-8A7B2155E06B}.Debug|Any CPU.Build.0 = Debug|Any CPU
		{A86BF8DF-B567-45E5-8B3E-8A7B2155E06B}.Release|Any CPU.ActiveCfg = Release|Any CPU
		{A86BF8DF-B567-45E5-8B3E-8A7B2155E06B}.Release|Any CPU.Build.0 = Release|Any CPU
	EndGlobalSection
	GlobalSection(SolutionProperties) = preSolution
		HideSolutionNode = FALSE
	EndGlobalSection
	GlobalSection(ExtensibilityGlobals) = postSolution
		SolutionGuid = {9A404F94-A2F3-4C15-AC66-A28E3F2C911B}
	EndGlobalSection
EndGlobal
